
Microsoft Visual Studio Solution File, Format Version 12.00
# Visual Studio Version 17
VisualStudioVersion = 17.1.32228.430
MinimumVisualStudioVersion = 10.0.40219.1
Project("{8BC9CEB8-8B4A-11D0-8D11-00A0C91BC942}") = "CodingTest2022", "CodingTest2022\CodingTest2022.vcxproj", "{14492F04-8ABB-4364-BD34-F2ACE2BE02E1}"
EndProject
Project("{8BC9CEB8-8B4A-11D0-8D11-00A0C91BC942}") = "vartest", "vartest\vartest.vcxproj", "{2FE9FB52-D134-4989-9E70-44A13D402390}"
EndProject
Project("{8BC9CEB8-8B4A-11D0-8D11-00A0C91BC942}") = "operatorTest.c", "operatorTest.c\operatorTest.c.vcxproj", "{A577D44B-7464-4DDC-8D15-6A5B165A34AA}"
EndProject
Project("{8BC9CEB8-8B4A-11D0-8D11-00A0C91BC942}") = "logicalTest", "logicalTest\logicalTest.vcxproj", "{4750883F-1C40-4453-992C-E8C9E52F4DEF}"
EndProject
Project("{8BC9CEB8-8B4A-11D0-8D11-00A0C91BC942}") = "array1.c", "array1.c\array1.c.vcxproj", "{E20DDF40-674F-465A-988A-80F66E0D4C4B}"
EndProject
Project("{8BC9CEB8-8B4A-11D0-8D11-00A0C91BC942}") = "array2.c", "array2.c\array2.c.vcxproj", "{76240D5D-AB29-44AD-BFAA-47FEE240F7D9}"
EndProject
Project("{8BC9CEB8-8B4A-11D0-8D11-00A0C91BC942}") = "array3.c", "array3.c\array3.c.vcxproj", "{BAF4BD49-9125-4A31-B75B-79B418D56121}"
EndProject
Project("{8BC9CEB8-8B4A-11D0-8D11-00A0C91BC942}") = "sumAvg.c", "sumAvg.c\sumAvg.c.vcxproj", "{8B54665A-9E9E-4639-8183-88FBC61FB4BC}"
EndProject
Project("{8BC9CEB8-8B4A-11D0-8D11-00A0C91BC942}") = "getMax.c", "getMax.c\getMax.c.vcxproj", "{229888CC-27F2-4AAE-AF2E-2ED0DC2413C4}"
EndProject
Project("{8BC9CEB8-8B4A-11D0-8D11-00A0C91BC942}") = "getMin.c", "getMin.c\getMin.c.vcxproj", "{857CC85A-C8DD-4926-97FE-7029968D8379}"
EndProject
Project("{8BC9CEB8-8B4A-11D0-8D11-00A0C91BC942}") = "serch.c", "serch.c\serch.c.vcxproj", "{E45D13DA-353D-4308-97FF-BD31EC6F8FCA}"
EndProject
Project("{8BC9CEB8-8B4A-11D0-8D11-00A0C91BC942}") = "arrayCapy.c", "arrayCapy.c\arrayCapy.c.vcxproj", "{DE218262-B31D-4C47-9927-1BDD4AF64336}"
EndProject
Project("{8BC9CEB8-8B4A-11D0-8D11-00A0C91BC942}") = "arrayEx.c", "arrayEx.c\arrayEx.c.vcxproj", "{3338E406-3AE1-4CAE-8AE2-9CA057EACEAE}"
EndProject
Project("{8BC9CEB8-8B4A-11D0-8D11-00A0C91BC942}") = "Char1", "Char1\Char1.vcxproj", "{D6CF3F9D-BCC5-46D0-BF21-77B724298757}"
EndProject
Project("{8BC9CEB8-8B4A-11D0-8D11-00A0C91BC942}") = "Char2", "Char2\Char2.vcxproj", "{5A9E62AC-2C16-4866-9AB7-A0A9147FC916}"
EndProject
Project("{8BC9CEB8-8B4A-11D0-8D11-00A0C91BC942}") = "Char3", "Char3\Char3.vcxproj", "{B926626E-A389-4A3D-81B1-052F86796394}"
EndProject
Project("{8BC9CEB8-8B4A-11D0-8D11-00A0C91BC942}") = "Charcapy", "Charcapy\Charcapy.vcxproj", "{2D88A7A8-302C-4F40-8A23-E1968509096F}"
EndProject
Project("{8BC9CEB8-8B4A-11D0-8D11-00A0C91BC942}") = "Charcapy2", "Charcapy2\Charcapy2.vcxproj", "{9A15F5A8-DC5F-4958-B616-B57553D1DA21}"
EndProject
Project("{8BC9CEB8-8B4A-11D0-8D11-00A0C91BC942}") = "strTest", "strTest\strTest.vcxproj", "{E2E560CC-CD3F-4CC8-93EE-A799CFAF3D5B}"
EndProject
Project("{8BC9CEB8-8B4A-11D0-8D11-00A0C91BC942}") = "strTest2", "strTest2\strTest2.vcxproj", "{5D5D59C4-39CF-40E3-9C3E-79E04143EF24}"
EndProject
Global
	GlobalSection(SolutionConfigurationPlatforms) = preSolution
		Debug|x64 = Debug|x64
		Debug|x86 = Debug|x86
		Release|x64 = Release|x64
		Release|x86 = Release|x86
	EndGlobalSection
	GlobalSection(ProjectConfigurationPlatforms) = postSolution
		{14492F04-8ABB-4364-BD34-F2ACE2BE02E1}.Debug|x64.ActiveCfg = Debug|x64
		{14492F04-8ABB-4364-BD34-F2ACE2BE02E1}.Debug|x64.Build.0 = Debug|x64
		{14492F04-8ABB-4364-BD34-F2ACE2BE02E1}.Debug|x86.ActiveCfg = Debug|Win32
		{14492F04-8ABB-4364-BD34-F2ACE2BE02E1}.Debug|x86.Build.0 = Debug|Win32
		{14492F04-8ABB-4364-BD34-F2ACE2BE02E1}.Release|x64.ActiveCfg = Release|x64
		{14492F04-8ABB-4364-BD34-F2ACE2BE02E1}.Release|x64.Build.0 = Release|x64
		{14492F04-8ABB-4364-BD34-F2ACE2BE02E1}.Release|x86.ActiveCfg = Release|Win32
		{14492F04-8ABB-4364-BD34-F2ACE2BE02E1}.Release|x86.Build.0 = Release|Win32
		{2FE9FB52-D134-4989-9E70-44A13D402390}.Debug|x64.ActiveCfg = Debug|x64
		{2FE9FB52-D134-4989-9E70-44A13D402390}.Debug|x64.Build.0 = Debug|x64
		{2FE9FB52-D134-4989-9E70-44A13D402390}.Debug|x86.ActiveCfg = Debug|Win32
		{2FE9FB52-D134-4989-9E70-44A13D402390}.Debug|x86.Build.0 = Debug|Win32
		{2FE9FB52-D134-4989-9E70-44A13D402390}.Release|x64.ActiveCfg = Release|x64
		{2FE9FB52-D134-4989-9E70-44A13D402390}.Release|x64.Build.0 = Release|x64
		{2FE9FB52-D134-4989-9E70-44A13D402390}.Release|x86.ActiveCfg = Release|Win32
		{2FE9FB52-D134-4989-9E70-44A13D402390}.Release|x86.Build.0 = Release|Win32
		{A577D44B-7464-4DDC-8D15-6A5B165A34AA}.Debug|x64.ActiveCfg = Debug|x64
		{A577D44B-7464-4DDC-8D15-6A5B165A34AA}.Debug|x64.Build.0 = Debug|x64
		{A577D44B-7464-4DDC-8D15-6A5B165A34AA}.Debug|x86.ActiveCfg = Debug|Win32
		{A577D44B-7464-4DDC-8D15-6A5B165A34AA}.Debug|x86.Build.0 = Debug|Win32
		{A577D44B-7464-4DDC-8D15-6A5B165A34AA}.Release|x64.ActiveCfg = Release|x64
		{A577D44B-7464-4DDC-8D15-6A5B165A34AA}.Release|x64.Build.0 = Release|x64
		{A577D44B-7464-4DDC-8D15-6A5B165A34AA}.Release|x86.ActiveCfg = Release|Win32
		{A577D44B-7464-4DDC-8D15-6A5B165A34AA}.Release|x86.Build.0 = Release|Win32
		{4750883F-1C40-4453-992C-E8C9E52F4DEF}.Debug|x64.ActiveCfg = Debug|x64
		{4750883F-1C40-4453-992C-E8C9E52F4DEF}.Debug|x64.Build.0 = Debug|x64
		{4750883F-1C40-4453-992C-E8C9E52F4DEF}.Debug|x86.ActiveCfg = Debug|Win32
		{4750883F-1C40-4453-992C-E8C9E52F4DEF}.Debug|x86.Build.0 = Debug|Win32
		{4750883F-1C40-4453-992C-E8C9E52F4DEF}.Release|x64.ActiveCfg = Release|x64
		{4750883F-1C40-4453-992C-E8C9E52F4DEF}.Release|x64.Build.0 = Release|x64
		{4750883F-1C40-4453-992C-E8C9E52F4DEF}.Release|x86.ActiveCfg = Release|Win32
		{4750883F-1C40-4453-992C-E8C9E52F4DEF}.Release|x86.Build.0 = Release|Win32
		{E20DDF40-674F-465A-988A-80F66E0D4C4B}.Debug|x64.ActiveCfg = Debug|x64
		{E20DDF40-674F-465A-988A-80F66E0D4C4B}.Debug|x64.Build.0 = Debug|x64
		{E20DDF40-674F-465A-988A-80F66E0D4C4B}.Debug|x86.ActiveCfg = Debug|Win32
		{E20DDF40-674F-465A-988A-80F66E0D4C4B}.Debug|x86.Build.0 = Debug|Win32
		{E20DDF40-674F-465A-988A-80F66E0D4C4B}.Release|x64.ActiveCfg = Release|x64
		{E20DDF40-674F-465A-988A-80F66E0D4C4B}.Release|x64.Build.0 = Release|x64
		{E20DDF40-674F-465A-988A-80F66E0D4C4B}.Release|x86.ActiveCfg = Release|Win32
		{E20DDF40-674F-465A-988A-80F66E0D4C4B}.Release|x86.Build.0 = Release|Win32
		{76240D5D-AB29-44AD-BFAA-47FEE240F7D9}.Debug|x64.ActiveCfg = Debug|x64
		{76240D5D-AB29-44AD-BFAA-47FEE240F7D9}.Debug|x64.Build.0 = Debug|x64
		{76240D5D-AB29-44AD-BFAA-47FEE240F7D9}.Debug|x86.ActiveCfg = Debug|Win32
		{76240D5D-AB29-44AD-BFAA-47FEE240F7D9}.Debug|x86.Build.0 = Debug|Win32
		{76240D5D-AB29-44AD-BFAA-47FEE240F7D9}.Release|x64.ActiveCfg = Release|x64
		{76240D5D-AB29-44AD-BFAA-47FEE240F7D9}.Release|x64.Build.0 = Release|x64
		{76240D5D-AB29-44AD-BFAA-47FEE240F7D9}.Release|x86.ActiveCfg = Release|Win32
		{76240D5D-AB29-44AD-BFAA-47FEE240F7D9}.Release|x86.Build.0 = Release|Win32
		{BAF4BD49-9125-4A31-B75B-79B418D56121}.Debug|x64.ActiveCfg = Debug|x64
		{BAF4BD49-9125-4A31-B75B-79B418D56121}.Debug|x64.Build.0 = Debug|x64
		{BAF4BD49-9125-4A31-B75B-79B418D56121}.Debug|x86.ActiveCfg = Debug|Win32
		{BAF4BD49-9125-4A31-B75B-79B418D56121}.Debug|x86.Build.0 = Debug|Win32
		{BAF4BD49-9125-4A31-B75B-79B418D56121}.Release|x64.ActiveCfg = Release|x64
		{BAF4BD49-9125-4A31-B75B-79B418D56121}.Release|x64.Build.0 = Release|x64
		{BAF4BD49-9125-4A31-B75B-79B418D56121}.Release|x86.ActiveCfg = Release|Win32
		{BAF4BD49-9125-4A31-B75B-79B418D56121}.Release|x86.Build.0 = Release|Win32
		{8B54665A-9E9E-4639-8183-88FBC61FB4BC}.Debug|x64.ActiveCfg = Debug|x64
		{8B54665A-9E9E-4639-8183-88FBC61FB4BC}.Debug|x64.Build.0 = Debug|x64
		{8B54665A-9E9E-4639-8183-88FBC61FB4BC}.Debug|x86.ActiveCfg = Debug|Win32
		{8B54665A-9E9E-4639-8183-88FBC61FB4BC}.Debug|x86.Build.0 = Debug|Win32
		{8B54665A-9E9E-4639-8183-88FBC61FB4BC}.Release|x64.ActiveCfg = Release|x64
		{8B54665A-9E9E-4639-8183-88FBC61FB4BC}.Release|x64.Build.0 = Release|x64
		{8B54665A-9E9E-4639-8183-88FBC61FB4BC}.Release|x86.ActiveCfg = Release|Win32
		{8B54665A-9E9E-4639-8183-88FBC61FB4BC}.Release|x86.Build.0 = Release|Win32
		{229888CC-27F2-4AAE-AF2E-2ED0DC2413C4}.Debug|x64.ActiveCfg = Debug|x64
		{229888CC-27F2-4AAE-AF2E-2ED0DC2413C4}.Debug|x64.Build.0 = Debug|x64
		{229888CC-27F2-4AAE-AF2E-2ED0DC2413C4}.Debug|x86.ActiveCfg = Debug|Win32
		{229888CC-27F2-4AAE-AF2E-2ED0DC2413C4}.Debug|x86.Build.0 = Debug|Win32
		{229888CC-27F2-4AAE-AF2E-2ED0DC2413C4}.Release|x64.ActiveCfg = Release|x64
		{229888CC-27F2-4AAE-AF2E-2ED0DC2413C4}.Release|x64.Build.0 = Release|x64
		{229888CC-27F2-4AAE-AF2E-2ED0DC2413C4}.Release|x86.ActiveCfg = Release|Win32
		{229888CC-27F2-4AAE-AF2E-2ED0DC2413C4}.Release|x86.Build.0 = Release|Win32
		{857CC85A-C8DD-4926-97FE-7029968D8379}.Debug|x64.ActiveCfg = Debug|x64
		{857CC85A-C8DD-4926-97FE-7029968D8379}.Debug|x64.Build.0 = Debug|x64
		{857CC85A-C8DD-4926-97FE-7029968D8379}.Debug|x86.ActiveCfg = Debug|Win32
		{857CC85A-C8DD-4926-97FE-7029968D8379}.Debug|x86.Build.0 = Debug|Win32
		{857CC85A-C8DD-4926-97FE-7029968D8379}.Release|x64.ActiveCfg = Release|x64
		{857CC85A-C8DD-4926-97FE-7029968D8379}.Release|x64.Build.0 = Release|x64
		{857CC85A-C8DD-4926-97FE-7029968D8379}.Release|x86.ActiveCfg = Release|Win32
		{857CC85A-C8DD-4926-97FE-7029968D8379}.Release|x86.Build.0 = Release|Win32
		{E45D13DA-353D-4308-97FF-BD31EC6F8FCA}.Debug|x64.ActiveCfg = Debug|x64
		{E45D13DA-353D-4308-97FF-BD31EC6F8FCA}.Debug|x64.Build.0 = Debug|x64
		{E45D13DA-353D-4308-97FF-BD31EC6F8FCA}.Debug|x86.ActiveCfg = Debug|Win32
		{E45D13DA-353D-4308-97FF-BD31EC6F8FCA}.Debug|x86.Build.0 = Debug|Win32
		{E45D13DA-353D-4308-97FF-BD31EC6F8FCA}.Release|x64.ActiveCfg = Release|x64
		{E45D13DA-353D-4308-97FF-BD31EC6F8FCA}.Release|x64.Build.0 = Release|x64
		{E45D13DA-353D-4308-97FF-BD31EC6F8FCA}.Release|x86.ActiveCfg = Release|Win32
		{E45D13DA-353D-4308-97FF-BD31EC6F8FCA}.Release|x86.Build.0 = Release|Win32
		{DE218262-B31D-4C47-9927-1BDD4AF64336}.Debug|x64.ActiveCfg = Debug|x64
		{DE218262-B31D-4C47-9927-1BDD4AF64336}.Debug|x64.Build.0 = Debug|x64
		{DE218262-B31D-4C47-9927-1BDD4AF64336}.Debug|x86.ActiveCfg = Debug|Win32
		{DE218262-B31D-4C47-9927-1BDD4AF64336}.Debug|x86.Build.0 = Debug|Win32
		{DE218262-B31D-4C47-9927-1BDD4AF64336}.Release|x64.ActiveCfg = Release|x64
		{DE218262-B31D-4C47-9927-1BDD4AF64336}.Release|x64.Build.0 = Release|x64
		{DE218262-B31D-4C47-9927-1BDD4AF64336}.Release|x86.ActiveCfg = Release|Win32
		{DE218262-B31D-4C47-9927-1BDD4AF64336}.Release|x86.Build.0 = Release|Win32
		{3338E406-3AE1-4CAE-8AE2-9CA057EACEAE}.Debug|x64.ActiveCfg = Debug|x64
		{3338E406-3AE1-4CAE-8AE2-9CA057EACEAE}.Debug|x64.Build.0 = Debug|x64
		{3338E406-3AE1-4CAE-8AE2-9CA057EACEAE}.Debug|x86.ActiveCfg = Debug|Win32
		{3338E406-3AE1-4CAE-8AE2-9CA057EACEAE}.Debug|x86.Build.0 = Debug|Win32
		{3338E406-3AE1-4CAE-8AE2-9CA057EACEAE}.Release|x64.ActiveCfg = Release|x64
		{3338E406-3AE1-4CAE-8AE2-9CA057EACEAE}.Release|x64.Build.0 = Release|x64
		{3338E406-3AE1-4CAE-8AE2-9CA057EACEAE}.Release|x86.ActiveCfg = Release|Win32
		{3338E406-3AE1-4CAE-8AE2-9CA057EACEAE}.Release|x86.Build.0 = Release|Win32
		{D6CF3F9D-BCC5-46D0-BF21-77B724298757}.Debug|x64.ActiveCfg = Debug|x64
		{D6CF3F9D-BCC5-46D0-BF21-77B724298757}.Debug|x64.Build.0 = Debug|x64
		{D6CF3F9D-BCC5-46D0-BF21-77B724298757}.Debug|x86.ActiveCfg = Debug|Win32
		{D6CF3F9D-BCC5-46D0-BF21-77B724298757}.Debug|x86.Build.0 = Debug|Win32
		{D6CF3F9D-BCC5-46D0-BF21-77B724298757}.Release|x64.ActiveCfg = Release|x64
		{D6CF3F9D-BCC5-46D0-BF21-77B724298757}.Release|x64.Build.0 = Release|x64
		{D6CF3F9D-BCC5-46D0-BF21-77B724298757}.Release|x86.ActiveCfg = Release|Win32
		{D6CF3F9D-BCC5-46D0-BF21-77B724298757}.Release|x86.Build.0 = Release|Win32
		{5A9E62AC-2C16-4866-9AB7-A0A9147FC916}.Debug|x64.ActiveCfg = Debug|x64
		{5A9E62AC-2C16-4866-9AB7-A0A9147FC916}.Debug|x64.Build.0 = Debug|x64
		{5A9E62AC-2C16-4866-9AB7-A0A9147FC916}.Debug|x86.ActiveCfg = Debug|Win32
		{5A9E62AC-2C16-4866-9AB7-A0A9147FC916}.Debug|x86.Build.0 = Debug|Win32
		{5A9E62AC-2C16-4866-9AB7-A0A9147FC916}.Release|x64.ActiveCfg = Release|x64
		{5A9E62AC-2C16-4866-9AB7-A0A9147FC916}.Release|x64.Build.0 = Release|x64
		{5A9E62AC-2C16-4866-9AB7-A0A9147FC916}.Release|x86.ActiveCfg = Release|Win32
		{5A9E62AC-2C16-4866-9AB7-A0A9147FC916}.Release|x86.Build.0 = Release|Win32
		{B926626E-A389-4A3D-81B1-052F86796394}.Debug|x64.ActiveCfg = Debug|x64
		{B926626E-A389-4A3D-81B1-052F86796394}.Debug|x64.Build.0 = Debug|x64
		{B926626E-A389-4A3D-81B1-052F86796394}.Debug|x86.ActiveCfg = Debug|Win32
		{B926626E-A389-4A3D-81B1-052F86796394}.Debug|x86.Build.0 = Debug|Win32
		{B926626E-A389-4A3D-81B1-052F86796394}.Release|x64.ActiveCfg = Release|x64
		{B926626E-A389-4A3D-81B1-052F86796394}.Release|x64.Build.0 = Release|x64
		{B926626E-A389-4A3D-81B1-052F86796394}.Release|x86.ActiveCfg = Release|Win32
		{B926626E-A389-4A3D-81B1-052F86796394}.Release|x86.Build.0 = Release|Win32
		{2D88A7A8-302C-4F40-8A23-E1968509096F}.Debug|x64.ActiveCfg = Debug|x64
		{2D88A7A8-302C-4F40-8A23-E1968509096F}.Debug|x64.Build.0 = Debug|x64
		{2D88A7A8-302C-4F40-8A23-E1968509096F}.Debug|x86.ActiveCfg = Debug|Win32
		{2D88A7A8-302C-4F40-8A23-E1968509096F}.Debug|x86.Build.0 = Debug|Win32
		{2D88A7A8-302C-4F40-8A23-E1968509096F}.Release|x64.ActiveCfg = Release|x64
		{2D88A7A8-302C-4F40-8A23-E1968509096F}.Release|x64.Build.0 = Release|x64
		{2D88A7A8-302C-4F40-8A23-E1968509096F}.Release|x86.ActiveCfg = Release|Win32
		{2D88A7A8-302C-4F40-8A23-E1968509096F}.Release|x86.Build.0 = Release|Win32
		{9A15F5A8-DC5F-4958-B616-B57553D1DA21}.Debug|x64.ActiveCfg = Debug|x64
		{9A15F5A8-DC5F-4958-B616-B57553D1DA21}.Debug|x64.Build.0 = Debug|x64
		{9A15F5A8-DC5F-4958-B616-B57553D1DA21}.Debug|x86.ActiveCfg = Debug|Win32
		{9A15F5A8-DC5F-4958-B616-B57553D1DA21}.Debug|x86.Build.0 = Debug|Win32
		{9A15F5A8-DC5F-4958-B616-B57553D1DA21}.Release|x64.ActiveCfg = Release|x64
		{9A15F5A8-DC5F-4958-B616-B57553D1DA21}.Release|x64.Build.0 = Release|x64
		{9A15F5A8-DC5F-4958-B616-B57553D1DA21}.Release|x86.ActiveCfg = Release|Win32
		{9A15F5A8-DC5F-4958-B616-B57553D1DA21}.Release|x86.Build.0 = Release|Win32
		{E2E560CC-CD3F-4CC8-93EE-A799CFAF3D5B}.Debug|x64.ActiveCfg = Debug|x64
		{E2E560CC-CD3F-4CC8-93EE-A799CFAF3D5B}.Debug|x64.Build.0 = Debug|x64
		{E2E560CC-CD3F-4CC8-93EE-A799CFAF3D5B}.Debug|x86.ActiveCfg = Debug|Win32
		{E2E560CC-CD3F-4CC8-93EE-A799CFAF3D5B}.Debug|x86.Build.0 = Debug|Win32
		{E2E560CC-CD3F-4CC8-93EE-A799CFAF3D5B}.Release|x64.ActiveCfg = Release|x64
		{E2E560CC-CD3F-4CC8-93EE-A799CFAF3D5B}.Release|x64.Build.0 = Release|x64
		{E2E560CC-CD3F-4CC8-93EE-A799CFAF3D5B}.Release|x86.ActiveCfg = Release|Win32
		{E2E560CC-CD3F-4CC8-93EE-A799CFAF3D5B}.Release|x86.Build.0 = Release|Win32
		{5D5D59C4-39CF-40E3-9C3E-79E04143EF24}.Debug|x64.ActiveCfg = Debug|x64
		{5D5D59C4-39CF-40E3-9C3E-79E04143EF24}.Debug|x64.Build.0 = Debug|x64
		{5D5D59C4-39CF-40E3-9C3E-79E04143EF24}.Debug|x86.ActiveCfg = Debug|Win32
		{5D5D59C4-39CF-40E3-9C3E-79E04143EF24}.Debug|x86.Build.0 = Debug|Win32
		{5D5D59C4-39CF-40E3-9C3E-79E04143EF24}.Release|x64.ActiveCfg = Release|x64
		{5D5D59C4-39CF-40E3-9C3E-79E04143EF24}.Release|x64.Build.0 = Release|x64
		{5D5D59C4-39CF-40E3-9C3E-79E04143EF24}.Release|x86.ActiveCfg = Release|Win32
		{5D5D59C4-39CF-40E3-9C3E-79E04143EF24}.Release|x86.Build.0 = Release|Win32
	EndGlobalSection
	GlobalSection(SolutionProperties) = preSolution
		HideSolutionNode = FALSE
	EndGlobalSection
	GlobalSection(ExtensibilityGlobals) = postSolution
		SolutionGuid = {AB8950A9-F04D-4E7B-AC71-E11B7F267C4D}
	EndGlobalSection
EndGlobal
